{
  "nodes": {
    "asn2org": {
      "flake": false,
      "locked": {
        "lastModified": 1760513420,
        "narHash": "sha256-/kKDrAY5L/lMB+Em0wfwAfTlv7B6kZwlbFJzQOFegYQ=",
        "owner": "vincentbernat",
        "repo": "asn2org",
        "rev": "b015c5130300dc61162936a1fe0f139cf07c793f",
        "type": "github"
      },
      "original": {
        "owner": "vincentbernat",
        "ref": "gh-pages",
        "repo": "asn2org",
        "type": "github"
      }
    },
    "flake-utils": {
      "inputs": {
        "systems": "systems"
      },
      "locked": {
        "lastModified": 1681202837,
        "narHash": "sha256-H+Rh19JDwRtpVPAWp64F+rlEtxUWBAQW28eAi3SRSzg=",
        "owner": "numtide",
        "repo": "flake-utils",
        "rev": "cfacdce06f30d2b68473a46042957675eebb3401",
        "type": "github"
      },
      "original": {
        "owner": "numtide",
        "repo": "flake-utils",
        "type": "github"
      }
    },
    "iana-assignments": {
      "flake": false,
      "locked": {
        "lastModified": 1761359241,
        "narHash": "sha256-Q/bkxeQJFELXd+4Ma50PliUimIPiMBeGhC6nFUUDOzc=",
        "owner": "larseggert",
        "repo": "iana-assignments",
        "rev": "597006e11311b3ebee998d86ab862955c5e7d6ce",
        "type": "github"
      },
      "original": {
        "owner": "larseggert",
        "repo": "iana-assignments",
        "type": "github"
      }
    },
    "nixpkgs": {
      "locked": {
        "lastModified": 1760164275,
        "narHash": "sha256-gKl2Gtro/LNf8P+4L3S2RsZ0G390ccd5MyXYrTdMCFE=",
        "owner": "NixOS",
        "repo": "nixpkgs",
        "rev": "362791944032cb532aabbeed7887a441496d5e6e",
        "type": "github"
      },
      "original": {
        "id": "nixpkgs",
        "type": "indirect"
      }
    },
    "root": {
      "inputs": {
        "asn2org": "asn2org",
        "flake-utils": "flake-utils",
        "iana-assignments": "iana-assignments",
        "nixpkgs": "nixpkgs"
      }
    },
    "systems": {
      "locked": {
        "lastModified": 1681028828,
        "narHash": "sha256-Vy1rq5AaRuLzOxct8nz4T6wlgyUR7zLU309k9mBC768=",
        "owner": "nix-systems",
        "repo": "default",
        "rev": "da67096a3b9bf56a91d16901293e51ba5b49a27e",
        "type": "github"
      },
      "original": {
        "owner": "nix-systems",
        "repo": "default",
        "type": "github"
      }
    }
  },
  "root": "root",
  "version": 7
}
