{
  "nodes": {
    "asn2org": {
      "flake": false,
      "locked": {
        "lastModified": 1781529697,
        "narHash": "sha256-yIBJox7od9qE/mv4Wjtt7w0+ygrLVaMk1soUlMlkiBU=",
        "owner": "vincentbernat",
        "repo": "asn2org",
        "rev": "d9ae8801d86cef0e56df6db395a0abb7c1763739",
        "type": "github"
      },
      "original": {
        "owner": "vincentbernat",
        "ref": "gh-pages",
        "repo": "asn2org",
        "type": "github"
      }
    },
    "flake-utils": {
      "inputs": {
        "systems": "systems"
      },
      "locked": {
        "lastModified": 1681202837,
        "narHash": "sha256-H+Rh19JDwRtpVPAWp64F+rlEtxUWBAQW28eAi3SRSzg=",
        "owner": "numtide",
        "repo": "flake-utils",
        "rev": "cfacdce06f30d2b68473a46042957675eebb3401",
        "type": "github"
      },
      "original": {
        "owner": "numtide",
        "repo": "flake-utils",
        "type": "github"
      }
    },
    "iana-assignments": {
      "flake": false,
      "locked": {
        "lastModified": 1782540630,
        "narHash": "sha256-F7si7lWcL2BqNpTwbRl8b5h1xq4MTHtVAR9NWno/ywA=",
        "owner": "larseggert",
        "repo": "iana-assignments",
        "rev": "282374963e9b858aad80ea6c6a675f334420615a",
        "type": "github"
      },
      "original": {
        "owner": "larseggert",
        "repo": "iana-assignments",
        "type": "github"
      }
    },
    "nixpkgs": {
      "locked": {
        "lastModified": 1782636521,
        "narHash": "sha256-Yf2TcFLw0r574fP/5eUN6N8el70HbYNdbDeeHpnK2eQ=",
        "rev": "e1c1b84752fb0897897380a3cae9dc7fcab91ca3",
        "type": "tarball",
        "url": "https://releases.nixos.org/nixpkgs/nixpkgs-26.11pre1023798.e1c1b84752fb/nixexprs.tar.xz"
      },
      "original": {
        "id": "nixpkgs",
        "type": "indirect"
      }
    },
    "root": {
      "inputs": {
        "asn2org": "asn2org",
        "flake-utils": "flake-utils",
        "iana-assignments": "iana-assignments",
        "nixpkgs": "nixpkgs"
      }
    },
    "systems": {
      "locked": {
        "lastModified": 1681028828,
        "narHash": "sha256-Vy1rq5AaRuLzOxct8nz4T6wlgyUR7zLU309k9mBC768=",
        "owner": "nix-systems",
        "repo": "default",
        "rev": "da67096a3b9bf56a91d16901293e51ba5b49a27e",
        "type": "github"
      },
      "original": {
        "owner": "nix-systems",
        "repo": "default",
        "type": "github"
      }
    }
  },
  "root": "root",
  "version": 7
}
