{
  "nodes": {
    "asn2org": {
      "flake": false,
      "locked": {
        "lastModified": 1785558030,
        "narHash": "sha256-q5apVRRbpeWaxaTd4iZN9EK7r3jXUTwn0c3EI8YBh0k=",
        "owner": "vincentbernat",
        "repo": "asn2org",
        "rev": "6f6a6e29b6c96202ca5b12dafb9c4c3dc7978a52",
        "type": "github"
      },
      "original": {
        "owner": "vincentbernat",
        "ref": "gh-pages",
        "repo": "asn2org",
        "type": "github"
      }
    },
    "flake-utils": {
      "inputs": {
        "systems": "systems"
      },
      "locked": {
        "lastModified": 1731533236,
        "narHash": "sha256-l0KFg5HjrsfsO/JpG+r7fRrqm12kzFHyUHqHCVpMMbI=",
        "owner": "numtide",
        "repo": "flake-utils",
        "rev": "11707dc2f618dd54ca8739b309ec4fc024de578b",
        "type": "github"
      },
      "original": {
        "owner": "numtide",
        "repo": "flake-utils",
        "type": "github"
      }
    },
    "iana-assignments": {
      "flake": false,
      "locked": {
        "lastModified": 1786157298,
        "narHash": "sha256-AzFia/61LgGgV3YwLkd8bMzgCG6VAJs49t7MRgSjNIg=",
        "owner": "larseggert",
        "repo": "iana-assignments",
        "rev": "0ae3b593a1f62aac61adab8856ca3596c73e5928",
        "type": "github"
      },
      "original": {
        "owner": "larseggert",
        "repo": "iana-assignments",
        "type": "github"
      }
    },
    "nixpkgs": {
      "locked": {
        "lastModified": 1787364730,
        "narHash": "sha256-YfYkbkJcUQ1wzXVX4BcIsLJ+xvB2yHdEbkRl7nPUXA4=",
        "rev": "a831408e6378bc02ebf8cc09b52c96ca86f6bab4",
        "type": "tarball",
        "url": "https://releases.nixos.org/nixpkgs/nixpkgs-26.11pre1059574.a831408e6378/nixexprs.tar.xz"
      },
      "original": {
        "id": "nixpkgs",
        "type": "indirect"
      }
    },
    "root": {
      "inputs": {
        "asn2org": "asn2org",
        "flake-utils": "flake-utils",
        "iana-assignments": "iana-assignments",
        "nixpkgs": "nixpkgs"
      }
    },
    "systems": {
      "locked": {
        "lastModified": 1681028828,
        "narHash": "sha256-Vy1rq5AaRuLzOxct8nz4T6wlgyUR7zLU309k9mBC768=",
        "owner": "nix-systems",
        "repo": "default",
        "rev": "da67096a3b9bf56a91d16901293e51ba5b49a27e",
        "type": "github"
      },
      "original": {
        "owner": "nix-systems",
        "repo": "default",
        "type": "github"
      }
    }
  },
  "root": "root",
  "version": 7
}
