# THIS IS AN AUTOGENERATED FILE. DO NOT EDIT THIS FILE DIRECTLY.
# yarn lockfile v1


"@mdi/font@6.x":
  version "6.6.96"
  resolved "https://registry.yarnpkg.com/@mdi/font/-/font-6.6.96.tgz#4eee6faee5f44d3ec401d354fb95775cd6699575"
  integrity sha512-FbcvG9z17hwZ7IwX5XeOR1UYGoLq+gTKq6XNPvJFuCpn599GdiPCJbAmmDBJb+jMYXjKYr0lCxfouWGxDA82sA==

bootstrap@^5.1.3:
  version "5.1.3"
  resolved "https://registry.yarnpkg.com/bootstrap/-/bootstrap-5.1.3.tgz#ba081b0c130f810fa70900acbc1c6d3c28fa8f34"
  integrity sha512-fcQztozJ8jToQWXxVuEyXWW+dSo8AiXWKwiSSrKWsRB/Qt+Ewwza+JWoLKiTuQLaEPhdNAJ7+Dosc9DOIqNy7Q==
