---
name: Update Nix flake.lock
on:
  workflow_dispatch:
  schedule:
    - cron: "10 4 * * 1"

jobs:
  lockfile:
    name: Update Nix lockfile
    if: github.repository_owner == 'akvorado'
    runs-on: ubuntu-latest
    strategy:
      matrix:
        source:
          - nixpkgs
          - asn2org
          - iana-assignments
    steps:
      - uses: actions/checkout@de0fac2e4500dabe0009e67214ff5f5447ce83dd # v6
        with:
          persist-credentials: false
      - uses: cachix/install-nix-action@96951a368ba55167b55f1c916f7d416bac6505fe # v31
      - name: Check current IANA assignments
        if: matrix.source == 'iana-assignments'
        run: |
          nix build .\#ianaServiceNames
          make orchestrator/clickhouse/data/tcp.csv orchestrator/clickhouse/data/udp.csv SERVICES_URL=result
          mkdir before~
          mv orchestrator/clickhouse/data/tcp.csv orchestrator/clickhouse/data/udp.csv before~
      - name: Update Nix lockfile
        run: nix flake update ${{ matrix.source }}
      - name: Check new IANA assignments
        if: matrix.source == 'iana-assignments'
        run: |
          nix build .\#ianaServiceNames
          make orchestrator/clickhouse/data/tcp.csv orchestrator/clickhouse/data/udp.csv SERVICES_URL=result
          mkdir after~
          mv orchestrator/clickhouse/data/tcp.csv orchestrator/clickhouse/data/udp.csv after~
          ! diff -u before~ after~ || {
            echo No diff...
            git reset --hard
          }
      - name: Create pull request
        uses: peter-evans/create-pull-request@c0f553fe549906ede9cf27b5156039d195d2ece0 # v8
        with:
          add-paths: flake.lock
          branch: nix/flake-lock-update-${{ matrix.source }}
          labels: dependencies
          commit-message: "build: flake.lock automated update for ${{ matrix.source }}"
          title: "build: Nix Flake ${{ matrix.source }} update"
          body: ""
